
Microsoft Visual Studio Solution File, Format Version 12.00
# Visual Studio Version 16
VisualStudioVersion = 16.0.29709.97
MinimumVisualStudioVersion = 10.0.40219.1
Project("{FAE04EC0-301F-11D3-BF4B-00C04F79EFBC}") = "WebApiwithSwashbuckle", "WebApiwithSwashbuckle\WebApiwithSwashbuckle.csproj", "{5B9DC4A2-CA44-4CDD-ABAA-33D182234AAB}"
EndProject
Project("{FAE04EC0-301F-11D3-BF4B-00C04F79EFBC}") = "WebAPISwashbuckle.Models", "WebAPISwashbuckle.Models\WebAPISwashbuckle.Models.csproj", "{67A58EF6-9921-4360-B63C-C39A3BC28DB1}"
EndProject
Global
	GlobalSection(SolutionConfigurationPlatforms) = preSolution
		Debug|Any CPU = Debug|Any CPU
		Release|Any CPU = Release|Any CPU
	EndGlobalSection
	GlobalSection(ProjectConfigurationPlatforms) = postSolution
		{5B9DC4A2-CA44-4CDD-ABAA-33D182234AAB}.Debug|Any CPU.ActiveCfg = Debug|Any CPU
		{5B9DC4A2-CA44-4CDD-ABAA-33D182234AAB}.Debug|Any CPU.Build.0 = Debug|Any CPU
		{5B9DC4A2-CA44-4CDD-ABAA-33D182234AAB}.Release|Any CPU.ActiveCfg = Release|Any CPU
		{5B9DC4A2-CA44-4CDD-ABAA-33D182234AAB}.Release|Any CPU.Build.0 = Release|Any CPU
		{67A58EF6-9921-4360-B63C-C39A3BC28DB1}.Debug|Any CPU.ActiveCfg = Debug|Any CPU
		{67A58EF6-9921-4360-B63C-C39A3BC28DB1}.Debug|Any CPU.Build.0 = Debug|Any CPU
		{67A58EF6-9921-4360-B63C-C39A3BC28DB1}.Release|Any CPU.ActiveCfg = Release|Any CPU
		{67A58EF6-9921-4360-B63C-C39A3BC28DB1}.Release|Any CPU.Build.0 = Release|Any CPU
	EndGlobalSection
	GlobalSection(SolutionProperties) = preSolution
		HideSolutionNode = FALSE
	EndGlobalSection
	GlobalSection(ExtensibilityGlobals) = postSolution
		SolutionGuid = {44BE8F64-7A10-4DBA-B0F7-928567EC51EB}
	EndGlobalSection
EndGlobal
